// !$*UTF8*$!
{
	archiveVersion = 1;
	classes = {
	};
	objectVersion = 56;
	objects = {

/* Begin PBXBuildFile section */
		5E1A912E2B91984B00973DA7 /* main.cpp in Sources */ = {isa = PBXBuildFile; fileRef = 5E1A912D2B91984B00973DA7 /* main.cpp */; };
		5E5034CB2B906DAB0026A7A2 /* main.cpp in Sources */ = {isa = PBXBuildFile; fileRef = 5E5034CA2B906DAB0026A7A2 /* main.cpp */; };
		5E5743C92B8D6AFB0073FE1D /* main.cpp in Sources */ = {isa = PBXBuildFile; fileRef = 5E5743C82B8D6AFB0073FE1D /* main.cpp */; };
		5E5945D02B8C9E14003577EC /* main.cpp in Sources */ = {isa = PBXBuildFile; fileRef = 5E5945CF2B8C9E14003577EC /* main.cpp */; };
		5E5945DC2B8CA6F4003577EC /* main.cpp in Sources */ = {isa = PBXBuildFile; fileRef = 5E5945DB2B8CA6F4003577EC /* main.cpp */; };
		5E6EEF4A2B8F13500001A07B /* main.cpp in Sources */ = {isa = PBXBuildFile; fileRef = 5E6EEF492B8F13500001A07B /* main.cpp */; };
		5EAEBD242B8B41B200CEC579 /* main.cpp in Sources */ = {isa = PBXBuildFile; fileRef = 5EAEBD232B8B41B200CEC579 /* main.cpp */; };
		5EAEBD292B8B46E000CEC579 /* main.cpp in Sources */ = {isa = PBXBuildFile; fileRef = 5EAEBD232B8B41B200CEC579 /* main.cpp */; };
		5EAEBD362B8B503500CEC579 /* main.cpp in Sources */ = {isa = PBXBuildFile; fileRef = 5EAEBD352B8B503500CEC579 /* main.cpp */; };
		5EAEBD422B8B535100CEC579 /* main.cpp in Sources */ = {isa = PBXBuildFile; fileRef = 5EAEBD412B8B535100CEC579 /* main.cpp */; };
		5EB1CDF42B8EAC28009ED423 /* main.cpp in Sources */ = {isa = PBXBuildFile; fileRef = 5EB1CDF32B8EAC28009ED423 /* main.cpp */; };
		5EB1CE002B8EC537009ED423 /* main.cpp in Sources */ = {isa = PBXBuildFile; fileRef = 5EB1CDFF2B8EC537009ED423 /* main.cpp */; };
		5ED68F552B8B146800FA667C /* main.cpp in Sources */ = {isa = PBXBuildFile; fileRef = 5ED68F542B8B146800FA667C /* main.cpp */; };
/* End PBXBuildFile section */

/* Begin PBXCopyFilesBuildPhase section */
		5E1A91292B91984B00973DA7 /* CopyFiles */ = {
			isa = PBXCopyFilesBuildPhase;
			buildActionMask = 2147483647;
			dstPath = /usr/share/man/man1/;
			dstSubfolderSpec = 0;
			files = (
			);
			runOnlyForDeploymentPostprocessing = 1;
		};
		5E5034C62B906DAB0026A7A2 /* CopyFiles */ = {
			isa = PBXCopyFilesBuildPhase;
			buildActionMask = 2147483647;
			dstPath = /usr/share/man/man1/;
			dstSubfolderSpec = 0;
			files = (
			);
			runOnlyForDeploymentPostprocessing = 1;
		};
		5E5743C42B8D6AFB0073FE1D /* CopyFiles */ = {
			isa = PBXCopyFilesBuildPhase;
			buildActionMask = 2147483647;
			dstPath = /usr/share/man/man1/;
			dstSubfolderSpec = 0;
			files = (
			);
			runOnlyForDeploymentPostprocessing = 1;
		};
		5E5945CB2B8C9E14003577EC /* CopyFiles */ = {
			isa = PBXCopyFilesBuildPhase;
			buildActionMask = 2147483647;
			dstPath = /usr/share/man/man1/;
			dstSubfolderSpec = 0;
			files = (
			);
			runOnlyForDeploymentPostprocessing = 1;
		};
		5E5945D72B8CA6F4003577EC /* CopyFiles */ = {
			isa = PBXCopyFilesBuildPhase;
			buildActionMask = 2147483647;
			dstPath = /usr/share/man/man1/;
			dstSubfolderSpec = 0;
			files = (
			);
			runOnlyForDeploymentPostprocessing = 1;
		};
		5E6EEF452B8F13500001A07B /* CopyFiles */ = {
			isa = PBXCopyFilesBuildPhase;
			buildActionMask = 2147483647;
			dstPath = /usr/share/man/man1/;
			dstSubfolderSpec = 0;
			files = (
			);
			runOnlyForDeploymentPostprocessing = 1;
		};
		5EAEBD1F2B8B41B200CEC579 /* CopyFiles */ = {
			isa = PBXCopyFilesBuildPhase;
			buildActionMask = 2147483647;
			dstPath = /usr/share/man/man1/;
			dstSubfolderSpec = 0;
			files = (
			);
			runOnlyForDeploymentPostprocessing = 1;
		};
		5EAEBD312B8B503500CEC579 /* CopyFiles */ = {
			isa = PBXCopyFilesBuildPhase;
			buildActionMask = 2147483647;
			dstPath = /usr/share/man/man1/;
			dstSubfolderSpec = 0;
			files = (
			);
			runOnlyForDeploymentPostprocessing = 1;
		};
		5EAEBD3D2B8B535100CEC579 /* CopyFiles */ = {
			isa = PBXCopyFilesBuildPhase;
			buildActionMask = 2147483647;
			dstPath = /usr/share/man/man1/;
			dstSubfolderSpec = 0;
			files = (
			);
			runOnlyForDeploymentPostprocessing = 1;
		};
		5EB1CDEF2B8EAC28009ED423 /* CopyFiles */ = {
			isa = PBXCopyFilesBuildPhase;
			buildActionMask = 2147483647;
			dstPath = /usr/share/man/man1/;
			dstSubfolderSpec = 0;
			files = (
			);
			runOnlyForDeploymentPostprocessing = 1;
		};
		5EB1CDFB2B8EC537009ED423 /* CopyFiles */ = {
			isa = PBXCopyFilesBuildPhase;
			buildActionMask = 2147483647;
			dstPath = /usr/share/man/man1/;
			dstSubfolderSpec = 0;
			files = (
			);
			runOnlyForDeploymentPostprocessing = 1;
		};
		5ED68F502B8B146800FA667C /* CopyFiles */ = {
			isa = PBXCopyFilesBuildPhase;
			buildActionMask = 2147483647;
			dstPath = /usr/share/man/man1/;
			dstSubfolderSpec = 0;
			files = (
			);
			runOnlyForDeploymentPostprocessing = 1;
		};
/* End PBXCopyFilesBuildPhase section */

/* Begin PBXFileReference section */
		5E1A912B2B91984B00973DA7 /* MaximumOddBinaryNumber */ = {isa = PBXFileReference; explicitFileType = "compiled.mach-o.executable"; includeInIndex = 0; path = MaximumOddBinaryNumber; sourceTree = BUILT_PRODUCTS_DIR; };
		5E1A912D2B91984B00973DA7 /* main.cpp */ = {isa = PBXFileReference; lastKnownFileType = sourcecode.cpp.cpp; path = main.cpp; sourceTree = "<group>"; };
		5E1A91322B91986C00973DA7 /* README.md */ = {isa = PBXFileReference; lastKnownFileType = net.daringfireball.markdown; path = README.md; sourceTree = "<group>"; };
		5E5034C32B906D090026A7A2 /* README.md */ = {isa = PBXFileReference; lastKnownFileType = net.daringfireball.markdown; path = README.md; sourceTree = "<group>"; };
		5E5034C82B906DAB0026A7A2 /* EvenOddTree */ = {isa = PBXFileReference; explicitFileType = "compiled.mach-o.executable"; includeInIndex = 0; path = EvenOddTree; sourceTree = BUILT_PRODUCTS_DIR; };
		5E5034CA2B906DAB0026A7A2 /* main.cpp */ = {isa = PBXFileReference; lastKnownFileType = sourcecode.cpp.cpp; path = main.cpp; sourceTree = "<group>"; };
		5E5034CF2B9090530026A7A2 /* README.md */ = {isa = PBXFileReference; lastKnownFileType = net.daringfireball.markdown; path = README.md; sourceTree = "<group>"; };
		5E5743C62B8D6AFB0073FE1D /* DiameterBinaryTree */ = {isa = PBXFileReference; explicitFileType = "compiled.mach-o.executable"; includeInIndex = 0; path = DiameterBinaryTree; sourceTree = BUILT_PRODUCTS_DIR; };
		5E5743C82B8D6AFB0073FE1D /* main.cpp */ = {isa = PBXFileReference; lastKnownFileType = sourcecode.cpp.cpp; path = main.cpp; sourceTree = "<group>"; };
		5E5743CD2B8D6B080073FE1D /* README.md */ = {isa = PBXFileReference; lastKnownFileType = net.daringfireball.markdown; path = README.md; sourceTree = "<group>"; };
		5E5945CD2B8C9E14003577EC /* SameTree */ = {isa = PBXFileReference; explicitFileType = "compiled.mach-o.executable"; includeInIndex = 0; path = SameTree; sourceTree = BUILT_PRODUCTS_DIR; };
		5E5945CF2B8C9E14003577EC /* main.cpp */ = {isa = PBXFileReference; lastKnownFileType = sourcecode.cpp.cpp; path = main.cpp; sourceTree = "<group>"; };
		5E5945D42B8C9E23003577EC /* README.md */ = {isa = PBXFileReference; lastKnownFileType = net.daringfireball.markdown; path = README.md; sourceTree = "<group>"; };
		5E5945D92B8CA6F4003577EC /* LongestPalindromicSubstring */ = {isa = PBXFileReference; explicitFileType = "compiled.mach-o.executable"; includeInIndex = 0; path = LongestPalindromicSubstring; sourceTree = BUILT_PRODUCTS_DIR; };
		5E5945DB2B8CA6F4003577EC /* main.cpp */ = {isa = PBXFileReference; lastKnownFileType = sourcecode.cpp.cpp; path = main.cpp; sourceTree = "<group>"; };
		5E5945E02B8CA705003577EC /* README.md */ = {isa = PBXFileReference; lastKnownFileType = net.daringfireball.markdown; path = README.md; sourceTree = "<group>"; };
		5E6EEF472B8F13500001A07B /* FindButtomLeftTreeValue */ = {isa = PBXFileReference; explicitFileType = "compiled.mach-o.executable"; includeInIndex = 0; path = FindButtomLeftTreeValue; sourceTree = BUILT_PRODUCTS_DIR; };
		5E6EEF492B8F13500001A07B /* main.cpp */ = {isa = PBXFileReference; lastKnownFileType = sourcecode.cpp.cpp; path = main.cpp; sourceTree = "<group>"; };
		5E6EEF4E2B8F1F670001A07B /* README.md */ = {isa = PBXFileReference; lastKnownFileType = net.daringfireball.markdown; path = README.md; sourceTree = "<group>"; };
		5EAEBD212B8B41B200CEC579 /* TwoSum */ = {isa = PBXFileReference; explicitFileType = "compiled.mach-o.executable"; includeInIndex = 0; path = TwoSum; sourceTree = BUILT_PRODUCTS_DIR; };
		5EAEBD232B8B41B200CEC579 /* main.cpp */ = {isa = PBXFileReference; lastKnownFileType = sourcecode.cpp.cpp; path = main.cpp; sourceTree = "<group>"; };
		5EAEBD2B2B8B4C1900CEC579 /* .gitignore */ = {isa = PBXFileReference; lastKnownFileType = text; path = .gitignore; sourceTree = "<group>"; };
		5EAEBD2C2B8B4C5000CEC579 /* README.md */ = {isa = PBXFileReference; lastKnownFileType = net.daringfireball.markdown; path = README.md; sourceTree = "<group>"; };
		5EAEBD2D2B8B4CB200CEC579 /* README.md */ = {isa = PBXFileReference; lastKnownFileType = net.daringfireball.markdown; path = README.md; sourceTree = "<group>"; };
		5EAEBD2E2B8B4D0900CEC579 /* README.md */ = {isa = PBXFileReference; lastKnownFileType = net.daringfireball.markdown; path = README.md; sourceTree = "<group>"; };
		5EAEBD332B8B503500CEC579 /* AddTwoNumbers */ = {isa = PBXFileReference; explicitFileType = "compiled.mach-o.executable"; includeInIndex = 0; path = AddTwoNumbers; sourceTree = BUILT_PRODUCTS_DIR; };
		5EAEBD352B8B503500CEC579 /* main.cpp */ = {isa = PBXFileReference; lastKnownFileType = sourcecode.cpp.cpp; path = main.cpp; sourceTree = "<group>"; };
		5EAEBD3A2B8B504300CEC579 /* README.md */ = {isa = PBXFileReference; lastKnownFileType = net.daringfireball.markdown; path = README.md; sourceTree = "<group>"; };
		5EAEBD3F2B8B535100CEC579 /* MedianTwoSortedArrays */ = {isa = PBXFileReference; explicitFileType = "compiled.mach-o.executable"; includeInIndex = 0; path = MedianTwoSortedArrays; sourceTree = BUILT_PRODUCTS_DIR; };
		5EAEBD412B8B535100CEC579 /* main.cpp */ = {isa = PBXFileReference; lastKnownFileType = sourcecode.cpp.cpp; path = main.cpp; sourceTree = "<group>"; };
		5EAEBD462B8B536200CEC579 /* README.md */ = {isa = PBXFileReference; lastKnownFileType = net.daringfireball.markdown; path = README.md; sourceTree = "<group>"; };
		5EB1CDF12B8EAC28009ED423 /* ZigzagConversion */ = {isa = PBXFileReference; explicitFileType = "compiled.mach-o.executable"; includeInIndex = 0; path = ZigzagConversion; sourceTree = BUILT_PRODUCTS_DIR; };
		5EB1CDF32B8EAC28009ED423 /* main.cpp */ = {isa = PBXFileReference; lastKnownFileType = sourcecode.cpp.cpp; path = main.cpp; sourceTree = "<group>"; };
		5EB1CDF82B8EAC41009ED423 /* README.md */ = {isa = PBXFileReference; lastKnownFileType = net.daringfireball.markdown; path = README.md; sourceTree = "<group>"; };
		5EB1CDFD2B8EC537009ED423 /* StringToInteger */ = {isa = PBXFileReference; explicitFileType = "compiled.mach-o.executable"; includeInIndex = 0; path = StringToInteger; sourceTree = BUILT_PRODUCTS_DIR; };
		5EB1CDFF2B8EC537009ED423 /* main.cpp */ = {isa = PBXFileReference; lastKnownFileType = sourcecode.cpp.cpp; path = main.cpp; sourceTree = "<group>"; };
		5ED68F522B8B146800FA667C /* LongestSubstringWord */ = {isa = PBXFileReference; explicitFileType = "compiled.mach-o.executable"; includeInIndex = 0; path = LongestSubstringWord; sourceTree = BUILT_PRODUCTS_DIR; };
		5ED68F542B8B146800FA667C /* main.cpp */ = {isa = PBXFileReference; lastKnownFileType = sourcecode.cpp.cpp; path = main.cpp; sourceTree = "<group>"; };
/* End PBXFileReference section */

/* Begin PBXFrameworksBuildPhase section */
		5E1A91282B91984B00973DA7 /* Frameworks */ = {
			isa = PBXFrameworksBuildPhase;
			buildActionMask = 2147483647;
			files = (
			);
			runOnlyForDeploymentPostprocessing = 0;
		};
		5E5034C52B906DAB0026A7A2 /* Frameworks */ = {
			isa = PBXFrameworksBuildPhase;
			buildActionMask = 2147483647;
			files = (
			);
			runOnlyForDeploymentPostprocessing = 0;
		};
		5E5743C32B8D6AFB0073FE1D /* Frameworks */ = {
			isa = PBXFrameworksBuildPhase;
			buildActionMask = 2147483647;
			files = (
			);
			runOnlyForDeploymentPostprocessing = 0;
		};
		5E5945CA2B8C9E14003577EC /* Frameworks */ = {
			isa = PBXFrameworksBuildPhase;
			buildActionMask = 2147483647;
			files = (
			);
			runOnlyForDeploymentPostprocessing = 0;
		};
		5E5945D62B8CA6F4003577EC /* Frameworks */ = {
			isa = PBXFrameworksBuildPhase;
			buildActionMask = 2147483647;
			files = (
			);
			runOnlyForDeploymentPostprocessing = 0;
		};
		5E6EEF442B8F13500001A07B /* Frameworks */ = {
			isa = PBXFrameworksBuildPhase;
			buildActionMask = 2147483647;
			files = (
			);
			runOnlyForDeploymentPostprocessing = 0;
		};
		5EAEBD1E2B8B41B200CEC579 /* Frameworks */ = {
			isa = PBXFrameworksBuildPhase;
			buildActionMask = 2147483647;
			files = (
			);
			runOnlyForDeploymentPostprocessing = 0;
		};
		5EAEBD302B8B503500CEC579 /* Frameworks */ = {
			isa = PBXFrameworksBuildPhase;
			buildActionMask = 2147483647;
			files = (
			);
			runOnlyForDeploymentPostprocessing = 0;
		};
		5EAEBD3C2B8B535100CEC579 /* Frameworks */ = {
			isa = PBXFrameworksBuildPhase;
			buildActionMask = 2147483647;
			files = (
			);
			runOnlyForDeploymentPostprocessing = 0;
		};
		5EB1CDEE2B8EAC28009ED423 /* Frameworks */ = {
			isa = PBXFrameworksBuildPhase;
			buildActionMask = 2147483647;
			files = (
			);
			runOnlyForDeploymentPostprocessing = 0;
		};
		5EB1CDFA2B8EC537009ED423 /* Frameworks */ = {
			isa = PBXFrameworksBuildPhase;
			buildActionMask = 2147483647;
			files = (
			);
			runOnlyForDeploymentPostprocessing = 0;
		};
		5ED68F4F2B8B146800FA667C /* Frameworks */ = {
			isa = PBXFrameworksBuildPhase;
			buildActionMask = 2147483647;
			files = (
			);
			runOnlyForDeploymentPostprocessing = 0;
		};
/* End PBXFrameworksBuildPhase section */

/* Begin PBXGroup section */
		5E1A912C2B91984B00973DA7 /* MaximumOddBinaryNumber */ = {
			isa = PBXGroup;
			children = (
				5E1A912D2B91984B00973DA7 /* main.cpp */,
				5E1A91322B91986C00973DA7 /* README.md */,
			);
			path = MaximumOddBinaryNumber;
			sourceTree = "<group>";
		};
		5E5034C92B906DAB0026A7A2 /* EvenOddTree */ = {
			isa = PBXGroup;
			children = (
				5E5034CA2B906DAB0026A7A2 /* main.cpp */,
				5E5034CF2B9090530026A7A2 /* README.md */,
			);
			path = EvenOddTree;
			sourceTree = "<group>";
		};
		5E5743C72B8D6AFB0073FE1D /* DiameterBinaryTree */ = {
			isa = PBXGroup;
			children = (
				5E5743C82B8D6AFB0073FE1D /* main.cpp */,
				5E5743CD2B8D6B080073FE1D /* README.md */,
			);
			path = DiameterBinaryTree;
			sourceTree = "<group>";
		};
		5E5945CE2B8C9E14003577EC /* SameTree */ = {
			isa = PBXGroup;
			children = (
				5E5945CF2B8C9E14003577EC /* main.cpp */,
				5E5945D42B8C9E23003577EC /* README.md */,
			);
			path = SameTree;
			sourceTree = "<group>";
		};
		5E5945DA2B8CA6F4003577EC /* LongestPalindromicSubstring */ = {
			isa = PBXGroup;
			children = (
				5E5945DB2B8CA6F4003577EC /* main.cpp */,
				5E5945E02B8CA705003577EC /* README.md */,
			);
			path = LongestPalindromicSubstring;
			sourceTree = "<group>";
		};
		5E6EEF482B8F13500001A07B /* FindButtomLeftTreeValue */ = {
			isa = PBXGroup;
			children = (
				5E6EEF492B8F13500001A07B /* main.cpp */,
				5E6EEF4E2B8F1F670001A07B /* README.md */,
			);
			path = FindButtomLeftTreeValue;
			sourceTree = "<group>";
		};
		5EAEBD222B8B41B200CEC579 /* TwoSum */ = {
			isa = PBXGroup;
			children = (
				5EAEBD232B8B41B200CEC579 /* main.cpp */,
				5EAEBD2E2B8B4D0900CEC579 /* README.md */,
			);
			path = TwoSum;
			sourceTree = "<group>";
		};
		5EAEBD342B8B503500CEC579 /* AddTwoNumbers */ = {
			isa = PBXGroup;
			children = (
				5EAEBD352B8B503500CEC579 /* main.cpp */,
				5EAEBD3A2B8B504300CEC579 /* README.md */,
			);
			path = AddTwoNumbers;
			sourceTree = "<group>";
		};
		5EAEBD402B8B535100CEC579 /* MedianTwoSortedArrays */ = {
			isa = PBXGroup;
			children = (
				5EAEBD412B8B535100CEC579 /* main.cpp */,
				5EAEBD462B8B536200CEC579 /* README.md */,
			);
			path = MedianTwoSortedArrays;
			sourceTree = "<group>";
		};
		5EB1CDF22B8EAC28009ED423 /* ZigzagConversion */ = {
			isa = PBXGroup;
			children = (
				5EB1CDF32B8EAC28009ED423 /* main.cpp */,
				5EB1CDF82B8EAC41009ED423 /* README.md */,
			);
			path = ZigzagConversion;
			sourceTree = "<group>";
		};
		5EB1CDFE2B8EC537009ED423 /* StringToInteger */ = {
			isa = PBXGroup;
			children = (
				5EB1CDFF2B8EC537009ED423 /* main.cpp */,
				5E5034C32B906D090026A7A2 /* README.md */,
			);
			path = StringToInteger;
			sourceTree = "<group>";
		};
		5ED68F382B8B0F5500FA667C = {
			isa = PBXGroup;
			children = (
				5EAEBD2B2B8B4C1900CEC579 /* .gitignore */,
				5EAEBD2C2B8B4C5000CEC579 /* README.md */,
				5ED68F532B8B146800FA667C /* LongestSubstringWord */,
				5EAEBD222B8B41B200CEC579 /* TwoSum */,
				5EAEBD342B8B503500CEC579 /* AddTwoNumbers */,
				5EAEBD402B8B535100CEC579 /* MedianTwoSortedArrays */,
				5E5945CE2B8C9E14003577EC /* SameTree */,
				5E5945DA2B8CA6F4003577EC /* LongestPalindromicSubstring */,
				5E5743C72B8D6AFB0073FE1D /* DiameterBinaryTree */,
				5EB1CDF22B8EAC28009ED423 /* ZigzagConversion */,
				5EB1CDFE2B8EC537009ED423 /* StringToInteger */,
				5E6EEF482B8F13500001A07B /* FindButtomLeftTreeValue */,
				5E5034C92B906DAB0026A7A2 /* EvenOddTree */,
				5E1A912C2B91984B00973DA7 /* MaximumOddBinaryNumber */,
				5ED68F422B8B0F5500FA667C /* Products */,
			);
			sourceTree = "<group>";
		};
		5ED68F422B8B0F5500FA667C /* Products */ = {
			isa = PBXGroup;
			children = (
				5ED68F522B8B146800FA667C /* LongestSubstringWord */,
				5EAEBD212B8B41B200CEC579 /* TwoSum */,
				5EAEBD332B8B503500CEC579 /* AddTwoNumbers */,
				5EAEBD3F2B8B535100CEC579 /* MedianTwoSortedArrays */,
				5E5945CD2B8C9E14003577EC /* SameTree */,
				5E5945D92B8CA6F4003577EC /* LongestPalindromicSubstring */,
				5E5743C62B8D6AFB0073FE1D /* DiameterBinaryTree */,
				5EB1CDF12B8EAC28009ED423 /* ZigzagConversion */,
				5EB1CDFD2B8EC537009ED423 /* StringToInteger */,
				5E6EEF472B8F13500001A07B /* FindButtomLeftTreeValue */,
				5E5034C82B906DAB0026A7A2 /* EvenOddTree */,
				5E1A912B2B91984B00973DA7 /* MaximumOddBinaryNumber */,
			);
			name = Products;
			sourceTree = "<group>";
		};
		5ED68F532B8B146800FA667C /* LongestSubstringWord */ = {
			isa = PBXGroup;
			children = (
				5ED68F542B8B146800FA667C /* main.cpp */,
				5EAEBD2D2B8B4CB200CEC579 /* README.md */,
			);
			path = LongestSubstringWord;
			sourceTree = "<group>";
		};
/* End PBXGroup section */

/* Begin PBXNativeTarget section */
		5E1A912A2B91984B00973DA7 /* MaximumOddBinaryNumber */ = {
			isa = PBXNativeTarget;
			buildConfigurationList = 5E1A91312B91984B00973DA7 /* Build configuration list for PBXNativeTarget "MaximumOddBinaryNumber" */;
			buildPhases = (
				5E1A91272B91984B00973DA7 /* Sources */,
				5E1A91282B91984B00973DA7 /* Frameworks */,
				5E1A91292B91984B00973DA7 /* CopyFiles */,
			);
			buildRules = (
			);
			dependencies = (
			);
			name = MaximumOddBinaryNumber;
			productName = MaximumOddBinaryNumber;
			productReference = 5E1A912B2B91984B00973DA7 /* MaximumOddBinaryNumber */;
			productType = "com.apple.product-type.tool";
		};
		5E5034C72B906DAB0026A7A2 /* EvenOddTree */ = {
			isa = PBXNativeTarget;
			buildConfigurationList = 5E5034CC2B906DAB0026A7A2 /* Build configuration list for PBXNativeTarget "EvenOddTree" */;
			buildPhases = (
				5E5034C42B906DAB0026A7A2 /* Sources */,
				5E5034C52B906DAB0026A7A2 /* Frameworks */,
				5E5034C62B906DAB0026A7A2 /* CopyFiles */,
			);
			buildRules = (
			);
			dependencies = (
			);
			name = EvenOddTree;
			productName = EvenOddTree;
			productReference = 5E5034C82B906DAB0026A7A2 /* EvenOddTree */;
			productType = "com.apple.product-type.tool";
		};
		5E5743C52B8D6AFB0073FE1D /* DiameterBinaryTree */ = {
			isa = PBXNativeTarget;
			buildConfigurationList = 5E5743CC2B8D6AFB0073FE1D /* Build configuration list for PBXNativeTarget "DiameterBinaryTree" */;
			buildPhases = (
				5E5743C22B8D6AFB0073FE1D /* Sources */,
				5E5743C32B8D6AFB0073FE1D /* Frameworks */,
				5E5743C42B8D6AFB0073FE1D /* CopyFiles */,
			);
			buildRules = (
			);
			dependencies = (
			);
			name = DiameterBinaryTree;
			productName = DiameterBinaryTree;
			productReference = 5E5743C62B8D6AFB0073FE1D /* DiameterBinaryTree */;
			productType = "com.apple.product-type.tool";
		};
		5E5945CC2B8C9E14003577EC /* SameTree */ = {
			isa = PBXNativeTarget;
			buildConfigurationList = 5E5945D32B8C9E14003577EC /* Build configuration list for PBXNativeTarget "SameTree" */;
			buildPhases = (
				5E5945C92B8C9E14003577EC /* Sources */,
				5E5945CA2B8C9E14003577EC /* Frameworks */,
				5E5945CB2B8C9E14003577EC /* CopyFiles */,
			);
			buildRules = (
			);
			dependencies = (
			);
			name = SameTree;
			productName = SameTree;
			productReference = 5E5945CD2B8C9E14003577EC /* SameTree */;
			productType = "com.apple.product-type.tool";
		};
		5E5945D82B8CA6F4003577EC /* LongestPalindromicSubstring */ = {
			isa = PBXNativeTarget;
			buildConfigurationList = 5E5945DD2B8CA6F4003577EC /* Build configuration list for PBXNativeTarget "LongestPalindromicSubstring" */;
			buildPhases = (
				5E5945D52B8CA6F4003577EC /* Sources */,
				5E5945D62B8CA6F4003577EC /* Frameworks */,
				5E5945D72B8CA6F4003577EC /* CopyFiles */,
			);
			buildRules = (
			);
			dependencies = (
			);
			name = LongestPalindromicSubstring;
			productName = LongestPalindromicSubstring;
			productReference = 5E5945D92B8CA6F4003577EC /* LongestPalindromicSubstring */;
			productType = "com.apple.product-type.tool";
		};
		5E6EEF462B8F13500001A07B /* FindButtomLeftTreeValue */ = {
			isa = PBXNativeTarget;
			buildConfigurationList = 5E6EEF4D2B8F13500001A07B /* Build configuration list for PBXNativeTarget "FindButtomLeftTreeValue" */;
			buildPhases = (
				5E6EEF432B8F13500001A07B /* Sources */,
				5E6EEF442B8F13500001A07B /* Frameworks */,
				5E6EEF452B8F13500001A07B /* CopyFiles */,
			);
			buildRules = (
			);
			dependencies = (
			);
			name = FindButtomLeftTreeValue;
			productName = FindButtomLeftTreeValue;
			productReference = 5E6EEF472B8F13500001A07B /* FindButtomLeftTreeValue */;
			productType = "com.apple.product-type.tool";
		};
		5EAEBD202B8B41B200CEC579 /* TwoSum */ = {
			isa = PBXNativeTarget;
			buildConfigurationList = 5EAEBD272B8B41B200CEC579 /* Build configuration list for PBXNativeTarget "TwoSum" */;
			buildPhases = (
				5EAEBD1D2B8B41B200CEC579 /* Sources */,
				5EAEBD1E2B8B41B200CEC579 /* Frameworks */,
				5EAEBD1F2B8B41B200CEC579 /* CopyFiles */,
			);
			buildRules = (
			);
			dependencies = (
			);
			name = TwoSum;
			productName = TwoSum;
			productReference = 5EAEBD212B8B41B200CEC579 /* TwoSum */;
			productType = "com.apple.product-type.tool";
		};
		5EAEBD322B8B503500CEC579 /* AddTwoNumbers */ = {
			isa = PBXNativeTarget;
			buildConfigurationList = 5EAEBD372B8B503500CEC579 /* Build configuration list for PBXNativeTarget "AddTwoNumbers" */;
			buildPhases = (
				5EAEBD2F2B8B503500CEC579 /* Sources */,
				5EAEBD302B8B503500CEC579 /* Frameworks */,
				5EAEBD312B8B503500CEC579 /* CopyFiles */,
			);
			buildRules = (
			);
			dependencies = (
			);
			name = AddTwoNumbers;
			productName = AddTwoNumbers;
			productReference = 5EAEBD332B8B503500CEC579 /* AddTwoNumbers */;
			productType = "com.apple.product-type.tool";
		};
		5EAEBD3E2B8B535100CEC579 /* MedianTwoSortedArrays */ = {
			isa = PBXNativeTarget;
			buildConfigurationList = 5EAEBD432B8B535100CEC579 /* Build configuration list for PBXNativeTarget "MedianTwoSortedArrays" */;
			buildPhases = (
				5EAEBD3B2B8B535100CEC579 /* Sources */,
				5EAEBD3C2B8B535100CEC579 /* Frameworks */,
				5EAEBD3D2B8B535100CEC579 /* CopyFiles */,
			);
			buildRules = (
			);
			dependencies = (
			);
			name = MedianTwoSortedArrays;
			productName = MedianTwoSortedArrays;
			productReference = 5EAEBD3F2B8B535100CEC579 /* MedianTwoSortedArrays */;
			productType = "com.apple.product-type.tool";
		};
		5EB1CDF02B8EAC28009ED423 /* ZigzagConversion */ = {
			isa = PBXNativeTarget;
			buildConfigurationList = 5EB1CDF72B8EAC28009ED423 /* Build configuration list for PBXNativeTarget "ZigzagConversion" */;
			buildPhases = (
				5EB1CDED2B8EAC28009ED423 /* Sources */,
				5EB1CDEE2B8EAC28009ED423 /* Frameworks */,
				5EB1CDEF2B8EAC28009ED423 /* CopyFiles */,
			);
			buildRules = (
			);
			dependencies = (
			);
			name = ZigzagConversion;
			productName = ZigzagConversion;
			productReference = 5EB1CDF12B8EAC28009ED423 /* ZigzagConversion */;
			productType = "com.apple.product-type.tool";
		};
		5EB1CDFC2B8EC537009ED423 /* StringToInteger */ = {
			isa = PBXNativeTarget;
			buildConfigurationList = 5EB1CE032B8EC537009ED423 /* Build configuration list for PBXNativeTarget "StringToInteger" */;
			buildPhases = (
				5EB1CDF92B8EC537009ED423 /* Sources */,
				5EB1CDFA2B8EC537009ED423 /* Frameworks */,
				5EB1CDFB2B8EC537009ED423 /* CopyFiles */,
			);
			buildRules = (
			);
			dependencies = (
			);
			name = StringToInteger;
			productName = StringToInteger;
			productReference = 5EB1CDFD2B8EC537009ED423 /* StringToInteger */;
			productType = "com.apple.product-type.tool";
		};
		5ED68F512B8B146800FA667C /* LongestSubstringWord */ = {
			isa = PBXNativeTarget;
			buildConfigurationList = 5ED68F562B8B146800FA667C /* Build configuration list for PBXNativeTarget "LongestSubstringWord" */;
			buildPhases = (
				5ED68F4E2B8B146800FA667C /* Sources */,
				5ED68F4F2B8B146800FA667C /* Frameworks */,
				5ED68F502B8B146800FA667C /* CopyFiles */,
			);
			buildRules = (
			);
			dependencies = (
			);
			name = LongestSubstringWord;
			productName = LongestSubstringWord;
			productReference = 5ED68F522B8B146800FA667C /* LongestSubstringWord */;
			productType = "com.apple.product-type.tool";
		};
/* End PBXNativeTarget section */

/* Begin PBXProject section */
		5ED68F392B8B0F5500FA667C /* Project object */ = {
			isa = PBXProject;
			attributes = {
				BuildIndependentTargetsInParallel = 1;
				LastUpgradeCheck = 1520;
				TargetAttributes = {
					5E1A912A2B91984B00973DA7 = {
						CreatedOnToolsVersion = 15.2;
					};
					5E5034C72B906DAB0026A7A2 = {
						CreatedOnToolsVersion = 15.2;
					};
					5E5743C52B8D6AFB0073FE1D = {
						CreatedOnToolsVersion = 15.2;
					};
					5E5945CC2B8C9E14003577EC = {
						CreatedOnToolsVersion = 15.2;
					};
					5E5945D82B8CA6F4003577EC = {
						CreatedOnToolsVersion = 15.2;
					};
					5E6EEF462B8F13500001A07B = {
						CreatedOnToolsVersion = 15.2;
					};
					5EAEBD202B8B41B200CEC579 = {
						CreatedOnToolsVersion = 15.2;
					};
					5EAEBD322B8B503500CEC579 = {
						CreatedOnToolsVersion = 15.2;
					};
					5EAEBD3E2B8B535100CEC579 = {
						CreatedOnToolsVersion = 15.2;
					};
					5EB1CDF02B8EAC28009ED423 = {
						CreatedOnToolsVersion = 15.2;
					};
					5EB1CDFC2B8EC537009ED423 = {
						CreatedOnToolsVersion = 15.2;
					};
					5ED68F512B8B146800FA667C = {
						CreatedOnToolsVersion = 15.2;
					};
				};
			};
			buildConfigurationList = 5ED68F3C2B8B0F5500FA667C /* Build configuration list for PBXProject "PracticeCodeProblems" */;
			compatibilityVersion = "Xcode 14.0";
			developmentRegion = en;
			hasScannedForEncodings = 0;
			knownRegions = (
				en,
				Base,
			);
			mainGroup = 5ED68F382B8B0F5500FA667C;
			productRefGroup = 5ED68F422B8B0F5500FA667C /* Products */;
			projectDirPath = "";
			projectRoot = "";
			targets = (
				5ED68F512B8B146800FA667C /* LongestSubstringWord */,
				5EAEBD202B8B41B200CEC579 /* TwoSum */,
				5EAEBD322B8B503500CEC579 /* AddTwoNumbers */,
				5EAEBD3E2B8B535100CEC579 /* MedianTwoSortedArrays */,
				5E5945CC2B8C9E14003577EC /* SameTree */,
				5E5945D82B8CA6F4003577EC /* LongestPalindromicSubstring */,
				5E5743C52B8D6AFB0073FE1D /* DiameterBinaryTree */,
				5EB1CDF02B8EAC28009ED423 /* ZigzagConversion */,
				5EB1CDFC2B8EC537009ED423 /* StringToInteger */,
				5E6EEF462B8F13500001A07B /* FindButtomLeftTreeValue */,
				5E5034C72B906DAB0026A7A2 /* EvenOddTree */,
				5E1A912A2B91984B00973DA7 /* MaximumOddBinaryNumber */,
			);
		};
/* End PBXProject section */

/* Begin PBXSourcesBuildPhase section */
		5E1A91272B91984B00973DA7 /* Sources */ = {
			isa = PBXSourcesBuildPhase;
			buildActionMask = 2147483647;
			files = (
				5E1A912E2B91984B00973DA7 /* main.cpp in Sources */,
			);
			runOnlyForDeploymentPostprocessing = 0;
		};
		5E5034C42B906DAB0026A7A2 /* Sources */ = {
			isa = PBXSourcesBuildPhase;
			buildActionMask = 2147483647;
			files = (
				5E5034CB2B906DAB0026A7A2 /* main.cpp in Sources */,
			);
			runOnlyForDeploymentPostprocessing = 0;
		};
		5E5743C22B8D6AFB0073FE1D /* Sources */ = {
			isa = PBXSourcesBuildPhase;
			buildActionMask = 2147483647;
			files = (
				5E5743C92B8D6AFB0073FE1D /* main.cpp in Sources */,
			);
			runOnlyForDeploymentPostprocessing = 0;
		};
		5E5945C92B8C9E14003577EC /* Sources */ = {
			isa = PBXSourcesBuildPhase;
			buildActionMask = 2147483647;
			files = (
				5E5945D02B8C9E14003577EC /* main.cpp in Sources */,
			);
			runOnlyForDeploymentPostprocessing = 0;
		};
		5E5945D52B8CA6F4003577EC /* Sources */ = {
			isa = PBXSourcesBuildPhase;
			buildActionMask = 2147483647;
			files = (
				5E5945DC2B8CA6F4003577EC /* main.cpp in Sources */,
			);
			runOnlyForDeploymentPostprocessing = 0;
		};
		5E6EEF432B8F13500001A07B /* Sources */ = {
			isa = PBXSourcesBuildPhase;
			buildActionMask = 2147483647;
			files = (
				5E6EEF4A2B8F13500001A07B /* main.cpp in Sources */,
			);
			runOnlyForDeploymentPostprocessing = 0;
		};
		5EAEBD1D2B8B41B200CEC579 /* Sources */ = {
			isa = PBXSourcesBuildPhase;
			buildActionMask = 2147483647;
			files = (
				5EAEBD242B8B41B200CEC579 /* main.cpp in Sources */,
			);
			runOnlyForDeploymentPostprocessing = 0;
		};
		5EAEBD2F2B8B503500CEC579 /* Sources */ = {
			isa = PBXSourcesBuildPhase;
			buildActionMask = 2147483647;
			files = (
				5EAEBD362B8B503500CEC579 /* main.cpp in Sources */,
			);
			runOnlyForDeploymentPostprocessing = 0;
		};
		5EAEBD3B2B8B535100CEC579 /* Sources */ = {
			isa = PBXSourcesBuildPhase;
			buildActionMask = 2147483647;
			files = (
				5EAEBD422B8B535100CEC579 /* main.cpp in Sources */,
			);
			runOnlyForDeploymentPostprocessing = 0;
		};
		5EB1CDED2B8EAC28009ED423 /* Sources */ = {
			isa = PBXSourcesBuildPhase;
			buildActionMask = 2147483647;
			files = (
				5EB1CDF42B8EAC28009ED423 /* main.cpp in Sources */,
			);
			runOnlyForDeploymentPostprocessing = 0;
		};
		5EB1CDF92B8EC537009ED423 /* Sources */ = {
			isa = PBXSourcesBuildPhase;
			buildActionMask = 2147483647;
			files = (
				5EB1CE002B8EC537009ED423 /* main.cpp in Sources */,
			);
			runOnlyForDeploymentPostprocessing = 0;
		};
		5ED68F4E2B8B146800FA667C /* Sources */ = {
			isa = PBXSourcesBuildPhase;
			buildActionMask = 2147483647;
			files = (
				5EAEBD292B8B46E000CEC579 /* main.cpp in Sources */,
				5ED68F552B8B146800FA667C /* main.cpp in Sources */,
			);
			runOnlyForDeploymentPostprocessing = 0;
		};
/* End PBXSourcesBuildPhase section */

/* Begin XCBuildConfiguration section */
		5E1A912F2B91984B00973DA7 /* Debug */ = {
			isa = XCBuildConfiguration;
			buildSettings = {
				CODE_SIGN_STYLE = Automatic;
				PRODUCT_NAME = "$(TARGET_NAME)";
			};
			name = Debug;
		};
		5E1A91302B91984B00973DA7 /* Release */ = {
			isa = XCBuildConfiguration;
			buildSettings = {
				CODE_SIGN_STYLE = Automatic;
				PRODUCT_NAME = "$(TARGET_NAME)";
			};
			name = Release;
		};
		5E5034CD2B906DAB0026A7A2 /* Debug */ = {
			isa = XCBuildConfiguration;
			buildSettings = {
				CODE_SIGN_STYLE = Automatic;
				PRODUCT_NAME = "$(TARGET_NAME)";
			};
			name = Debug;
		};
		5E5034CE2B906DAB0026A7A2 /* Release */ = {
			isa = XCBuildConfiguration;
			buildSettings = {
				CODE_SIGN_STYLE = Automatic;
				PRODUCT_NAME = "$(TARGET_NAME)";
			};
			name = Release;
		};
		5E5743CA2B8D6AFB0073FE1D /* Debug */ = {
			isa = XCBuildConfiguration;
			buildSettings = {
				CODE_SIGN_STYLE = Automatic;
				PRODUCT_NAME = "$(TARGET_NAME)";
			};
			name = Debug;
		};
		5E5743CB2B8D6AFB0073FE1D /* Release */ = {
			isa = XCBuildConfiguration;
			buildSettings = {
				CODE_SIGN_STYLE = Automatic;
				PRODUCT_NAME = "$(TARGET_NAME)";
			};
			name = Release;
		};
		5E5945D12B8C9E14003577EC /* Debug */ = {
			isa = XCBuildConfiguration;
			buildSettings = {
				CODE_SIGN_STYLE = Automatic;
				PRODUCT_NAME = "$(TARGET_NAME)";
			};
			name = Debug;
		};
		5E5945D22B8C9E14003577EC /* Release */ = {
			isa = XCBuildConfiguration;
			buildSettings = {
				CODE_SIGN_STYLE = Automatic;
				PRODUCT_NAME = "$(TARGET_NAME)";
			};
			name = Release;
		};
		5E5945DE2B8CA6F4003577EC /* Debug */ = {
			isa = XCBuildConfiguration;
			buildSettings = {
				CODE_SIGN_STYLE = Automatic;
				PRODUCT_NAME = "$(TARGET_NAME)";
			};
			name = Debug;
		};
		5E5945DF2B8CA6F4003577EC /* Release */ = {
			isa = XCBuildConfiguration;
			buildSettings = {
				CODE_SIGN_STYLE = Automatic;
				PRODUCT_NAME = "$(TARGET_NAME)";
			};
			name = Release;
		};
		5E6EEF4B2B8F13500001A07B /* Debug */ = {
			isa = XCBuildConfiguration;
			buildSettings = {
				CODE_SIGN_STYLE = Automatic;
				PRODUCT_NAME = "$(TARGET_NAME)";
			};
			name = Debug;
		};
		5E6EEF4C2B8F13500001A07B /* Release */ = {
			isa = XCBuildConfiguration;
			buildSettings = {
				CODE_SIGN_STYLE = Automatic;
				PRODUCT_NAME = "$(TARGET_NAME)";
			};
			name = Release;
		};
		5EAEBD252B8B41B200CEC579 /* Debug */ = {
			isa = XCBuildConfiguration;
			buildSettings = {
				CODE_SIGN_STYLE = Automatic;
				PRODUCT_NAME = "$(TARGET_NAME)";
			};
			name = Debug;
		};
		5EAEBD262B8B41B200CEC579 /* Release */ = {
			isa = XCBuildConfiguration;
			buildSettings = {
				CODE_SIGN_STYLE = Automatic;
				PRODUCT_NAME = "$(TARGET_NAME)";
			};
			name = Release;
		};
		5EAEBD382B8B503500CEC579 /* Debug */ = {
			isa = XCBuildConfiguration;
			buildSettings = {
				CODE_SIGN_STYLE = Automatic;
				PRODUCT_NAME = "$(TARGET_NAME)";
			};
			name = Debug;
		};
		5EAEBD392B8B503500CEC579 /* Release */ = {
			isa = XCBuildConfiguration;
			buildSettings = {
				CODE_SIGN_STYLE = Automatic;
				PRODUCT_NAME = "$(TARGET_NAME)";
			};
			name = Release;
		};
		5EAEBD442B8B535100CEC579 /* Debug */ = {
			isa = XCBuildConfiguration;
			buildSettings = {
				CODE_SIGN_STYLE = Automatic;
				PRODUCT_NAME = "$(TARGET_NAME)";
			};
			name = Debug;
		};
		5EAEBD452B8B535100CEC579 /* Release */ = {
			isa = XCBuildConfiguration;
			buildSettings = {
				CODE_SIGN_STYLE = Automatic;
				PRODUCT_NAME = "$(TARGET_NAME)";
			};
			name = Release;
		};
		5EB1CDF52B8EAC28009ED423 /* Debug */ = {
			isa = XCBuildConfiguration;
			buildSettings = {
				CODE_SIGN_STYLE = Automatic;
				PRODUCT_NAME = "$(TARGET_NAME)";
			};
			name = Debug;
		};
		5EB1CDF62B8EAC28009ED423 /* Release */ = {
			isa = XCBuildConfiguration;
			buildSettings = {
				CODE_SIGN_STYLE = Automatic;
				PRODUCT_NAME = "$(TARGET_NAME)";
			};
			name = Release;
		};
		5EB1CE012B8EC537009ED423 /* Debug */ = {
			isa = XCBuildConfiguration;
			buildSettings = {
				CODE_SIGN_STYLE = Automatic;
				PRODUCT_NAME = "$(TARGET_NAME)";
			};
			name = Debug;
		};
		5EB1CE022B8EC537009ED423 /* Release */ = {
			isa = XCBuildConfiguration;
			buildSettings = {
				CODE_SIGN_STYLE = Automatic;
				PRODUCT_NAME = "$(TARGET_NAME)";
			};
			name = Release;
		};
		5ED68F462B8B0F5500FA667C /* Debug */ = {
			isa = XCBuildConfiguration;
			buildSettings = {
				ALWAYS_SEARCH_USER_PATHS = NO;
				ASSETCATALOG_COMPILER_GENERATE_SWIFT_ASSET_SYMBOL_EXTENSIONS = YES;
				CLANG_ANALYZER_NONNULL = YES;
				CLANG_ANALYZER_NUMBER_OBJECT_CONVERSION = YES_AGGRESSIVE;
				CLANG_CXX_LANGUAGE_STANDARD = "gnu++20";
				CLANG_ENABLE_MODULES = YES;
				CLANG_ENABLE_OBJC_ARC = YES;
				CLANG_ENABLE_OBJC_WEAK = YES;
				CLANG_WARN_BLOCK_CAPTURE_AUTORELEASING = YES;
				CLANG_WARN_BOOL_CONVERSION = YES;
				CLANG_WARN_COMMA = YES;
				CLANG_WARN_CONSTANT_CONVERSION = YES;
				CLANG_WARN_DEPRECATED_OBJC_IMPLEMENTATIONS = YES;
				CLANG_WARN_DIRECT_OBJC_ISA_USAGE = YES_ERROR;
				CLANG_WARN_DOCUMENTATION_COMMENTS = YES;
				CLANG_WARN_EMPTY_BODY = YES;
				CLANG_WARN_ENUM_CONVERSION = YES;
				CLANG_WARN_INFINITE_RECURSION = YES;
				CLANG_WARN_INT_CONVERSION = YES;
				CLANG_WARN_NON_LITERAL_NULL_CONVERSION = YES;
				CLANG_WARN_OBJC_IMPLICIT_RETAIN_SELF = YES;
				CLANG_WARN_OBJC_LITERAL_CONVERSION = YES;
				CLANG_WARN_OBJC_ROOT_CLASS = YES_ERROR;
				CLANG_WARN_QUOTED_INCLUDE_IN_FRAMEWORK_HEADER = YES;
				CLANG_WARN_RANGE_LOOP_ANALYSIS = YES;
				CLANG_WARN_STRICT_PROTOTYPES = YES;
				CLANG_WARN_SUSPICIOUS_MOVE = YES;
				CLANG_WARN_UNGUARDED_AVAILABILITY = YES_AGGRESSIVE;
				CLANG_WARN_UNREACHABLE_CODE = YES;
				CLANG_WARN__DUPLICATE_METHOD_MATCH = YES;
				COPY_PHASE_STRIP = NO;
				DEBUG_INFORMATION_FORMAT = dwarf;
				ENABLE_STRICT_OBJC_MSGSEND = YES;
				ENABLE_TESTABILITY = YES;
				ENABLE_USER_SCRIPT_SANDBOXING = YES;
				GCC_C_LANGUAGE_STANDARD = gnu17;
				GCC_DYNAMIC_NO_PIC = NO;
				GCC_NO_COMMON_BLOCKS = YES;
				GCC_OPTIMIZATION_LEVEL = 0;
				GCC_PREPROCESSOR_DEFINITIONS = (
					"DEBUG=1",
					"$(inherited)",
				);
				GCC_WARN_64_TO_32_BIT_CONVERSION = YES;
				GCC_WARN_ABOUT_RETURN_TYPE = YES_ERROR;
				GCC_WARN_UNDECLARED_SELECTOR = YES;
				GCC_WARN_UNINITIALIZED_AUTOS = YES_AGGRESSIVE;
				GCC_WARN_UNUSED_FUNCTION = YES;
				GCC_WARN_UNUSED_VARIABLE = YES;
				LOCALIZATION_PREFERS_STRING_CATALOGS = YES;
				MACOSX_DEPLOYMENT_TARGET = 14.2;
				MTL_ENABLE_DEBUG_INFO = INCLUDE_SOURCE;
				MTL_FAST_MATH = YES;
				ONLY_ACTIVE_ARCH = YES;
				SDKROOT = macosx;
			};
			name = Debug;
		};
		5ED68F472B8B0F5500FA667C /* Release */ = {
			isa = XCBuildConfiguration;
			buildSettings = {
				ALWAYS_SEARCH_USER_PATHS = NO;
				ASSETCATALOG_COMPILER_GENERATE_SWIFT_ASSET_SYMBOL_EXTENSIONS = YES;
				CLANG_ANALYZER_NONNULL = YES;
				CLANG_ANALYZER_NUMBER_OBJECT_CONVERSION = YES_AGGRESSIVE;
				CLANG_CXX_LANGUAGE_STANDARD = "gnu++20";
				CLANG_ENABLE_MODULES = YES;
				CLANG_ENABLE_OBJC_ARC = YES;
				CLANG_ENABLE_OBJC_WEAK = YES;
				CLANG_WARN_BLOCK_CAPTURE_AUTORELEASING = YES;
				CLANG_WARN_BOOL_CONVERSION = YES;
				CLANG_WARN_COMMA = YES;
				CLANG_WARN_CONSTANT_CONVERSION = YES;
				CLANG_WARN_DEPRECATED_OBJC_IMPLEMENTATIONS = YES;
				CLANG_WARN_DIRECT_OBJC_ISA_USAGE = YES_ERROR;
				CLANG_WARN_DOCUMENTATION_COMMENTS = YES;
				CLANG_WARN_EMPTY_BODY = YES;
				CLANG_WARN_ENUM_CONVERSION = YES;
				CLANG_WARN_INFINITE_RECURSION = YES;
				CLANG_WARN_INT_CONVERSION = YES;
				CLANG_WARN_NON_LITERAL_NULL_CONVERSION = YES;
				CLANG_WARN_OBJC_IMPLICIT_RETAIN_SELF = YES;
				CLANG_WARN_OBJC_LITERAL_CONVERSION = YES;
				CLANG_WARN_OBJC_ROOT_CLASS = YES_ERROR;
				CLANG_WARN_QUOTED_INCLUDE_IN_FRAMEWORK_HEADER = YES;
				CLANG_WARN_RANGE_LOOP_ANALYSIS = YES;
				CLANG_WARN_STRICT_PROTOTYPES = YES;
				CLANG_WARN_SUSPICIOUS_MOVE = YES;
				CLANG_WARN_UNGUARDED_AVAILABILITY = YES_AGGRESSIVE;
				CLANG_WARN_UNREACHABLE_CODE = YES;
				CLANG_WARN__DUPLICATE_METHOD_MATCH = YES;
				COPY_PHASE_STRIP = NO;
				DEBUG_INFORMATION_FORMAT = "dwarf-with-dsym";
				ENABLE_NS_ASSERTIONS = NO;
				ENABLE_STRICT_OBJC_MSGSEND = YES;
				ENABLE_USER_SCRIPT_SANDBOXING = YES;
				GCC_C_LANGUAGE_STANDARD = gnu17;
				GCC_NO_COMMON_BLOCKS = YES;
				GCC_WARN_64_TO_32_BIT_CONVERSION = YES;
				GCC_WARN_ABOUT_RETURN_TYPE = YES_ERROR;
				GCC_WARN_UNDECLARED_SELECTOR = YES;
				GCC_WARN_UNINITIALIZED_AUTOS = YES_AGGRESSIVE;
				GCC_WARN_UNUSED_FUNCTION = YES;
				GCC_WARN_UNUSED_VARIABLE = YES;
				LOCALIZATION_PREFERS_STRING_CATALOGS = YES;
				MACOSX_DEPLOYMENT_TARGET = 14.2;
				MTL_ENABLE_DEBUG_INFO = NO;
				MTL_FAST_MATH = YES;
				SDKROOT = macosx;
			};
			name = Release;
		};
		5ED68F572B8B146800FA667C /* Debug */ = {
			isa = XCBuildConfiguration;
			buildSettings = {
				CODE_SIGN_STYLE = Automatic;
				PRODUCT_NAME = "$(TARGET_NAME)";
			};
			name = Debug;
		};
		5ED68F582B8B146800FA667C /* Release */ = {
			isa = XCBuildConfiguration;
			buildSettings = {
				CODE_SIGN_STYLE = Automatic;
				PRODUCT_NAME = "$(TARGET_NAME)";
			};
			name = Release;
		};
/* End XCBuildConfiguration section */

/* Begin XCConfigurationList section */
		5E1A91312B91984B00973DA7 /* Build configuration list for PBXNativeTarget "MaximumOddBinaryNumber" */ = {
			isa = XCConfigurationList;
			buildConfigurations = (
				5E1A912F2B91984B00973DA7 /* Debug */,
				5E1A91302B91984B00973DA7 /* Release */,
			);
			defaultConfigurationIsVisible = 0;
			defaultConfigurationName = Release;
		};
		5E5034CC2B906DAB0026A7A2 /* Build configuration list for PBXNativeTarget "EvenOddTree" */ = {
			isa = XCConfigurationList;
			buildConfigurations = (
				5E5034CD2B906DAB0026A7A2 /* Debug */,
				5E5034CE2B906DAB0026A7A2 /* Release */,
			);
			defaultConfigurationIsVisible = 0;
			defaultConfigurationName = Release;
		};
		5E5743CC2B8D6AFB0073FE1D /* Build configuration list for PBXNativeTarget "DiameterBinaryTree" */ = {
			isa = XCConfigurationList;
			buildConfigurations = (
				5E5743CA2B8D6AFB0073FE1D /* Debug */,
				5E5743CB2B8D6AFB0073FE1D /* Release */,
			);
			defaultConfigurationIsVisible = 0;
			defaultConfigurationName = Release;
		};
		5E5945D32B8C9E14003577EC /* Build configuration list for PBXNativeTarget "SameTree" */ = {
			isa = XCConfigurationList;
			buildConfigurations = (
				5E5945D12B8C9E14003577EC /* Debug */,
				5E5945D22B8C9E14003577EC /* Release */,
			);
			defaultConfigurationIsVisible = 0;
			defaultConfigurationName = Release;
		};
		5E5945DD2B8CA6F4003577EC /* Build configuration list for PBXNativeTarget "LongestPalindromicSubstring" */ = {
			isa = XCConfigurationList;
			buildConfigurations = (
				5E5945DE2B8CA6F4003577EC /* Debug */,
				5E5945DF2B8CA6F4003577EC /* Release */,
			);
			defaultConfigurationIsVisible = 0;
			defaultConfigurationName = Release;
		};
		5E6EEF4D2B8F13500001A07B /* Build configuration list for PBXNativeTarget "FindButtomLeftTreeValue" */ = {
			isa = XCConfigurationList;
			buildConfigurations = (
				5E6EEF4B2B8F13500001A07B /* Debug */,
				5E6EEF4C2B8F13500001A07B /* Release */,
			);
			defaultConfigurationIsVisible = 0;
			defaultConfigurationName = Release;
		};
		5EAEBD272B8B41B200CEC579 /* Build configuration list for PBXNativeTarget "TwoSum" */ = {
			isa = XCConfigurationList;
			buildConfigurations = (
				5EAEBD252B8B41B200CEC579 /* Debug */,
				5EAEBD262B8B41B200CEC579 /* Release */,
			);
			defaultConfigurationIsVisible = 0;
			defaultConfigurationName = Release;
		};
		5EAEBD372B8B503500CEC579 /* Build configuration list for PBXNativeTarget "AddTwoNumbers" */ = {
			isa = XCConfigurationList;
			buildConfigurations = (
				5EAEBD382B8B503500CEC579 /* Debug */,
				5EAEBD392B8B503500CEC579 /* Release */,
			);
			defaultConfigurationIsVisible = 0;
			defaultConfigurationName = Release;
		};
		5EAEBD432B8B535100CEC579 /* Build configuration list for PBXNativeTarget "MedianTwoSortedArrays" */ = {
			isa = XCConfigurationList;
			buildConfigurations = (
				5EAEBD442B8B535100CEC579 /* Debug */,
				5EAEBD452B8B535100CEC579 /* Release */,
			);
			defaultConfigurationIsVisible = 0;
			defaultConfigurationName = Release;
		};
		5EB1CDF72B8EAC28009ED423 /* Build configuration list for PBXNativeTarget "ZigzagConversion" */ = {
			isa = XCConfigurationList;
			buildConfigurations = (
				5EB1CDF52B8EAC28009ED423 /* Debug */,
				5EB1CDF62B8EAC28009ED423 /* Release */,
			);
			defaultConfigurationIsVisible = 0;
			defaultConfigurationName = Release;
		};
		5EB1CE032B8EC537009ED423 /* Build configuration list for PBXNativeTarget "StringToInteger" */ = {
			isa = XCConfigurationList;
			buildConfigurations = (
				5EB1CE012B8EC537009ED423 /* Debug */,
				5EB1CE022B8EC537009ED423 /* Release */,
			);
			defaultConfigurationIsVisible = 0;
			defaultConfigurationName = Release;
		};
		5ED68F3C2B8B0F5500FA667C /* Build configuration list for PBXProject "PracticeCodeProblems" */ = {
			isa = XCConfigurationList;
			buildConfigurations = (
				5ED68F462B8B0F5500FA667C /* Debug */,
				5ED68F472B8B0F5500FA667C /* Release */,
			);
			defaultConfigurationIsVisible = 0;
			defaultConfigurationName = Release;
		};
		5ED68F562B8B146800FA667C /* Build configuration list for PBXNativeTarget "LongestSubstringWord" */ = {
			isa = XCConfigurationList;
			buildConfigurations = (
				5ED68F572B8B146800FA667C /* Debug */,
				5ED68F582B8B146800FA667C /* Release */,
			);
			defaultConfigurationIsVisible = 0;
			defaultConfigurationName = Release;
		};
/* End XCConfigurationList section */
	};
	rootObject = 5ED68F392B8B0F5500FA667C /* Project object */;
}
